
Microsoft Visual Studio Solution File, Format Version 12.00
# Visual Studio Version 17
VisualStudioVersion = 17.1.32407.343
MinimumVisualStudioVersion = 10.0.40219.1
Project("{9A19103F-16F7-4668-BE54-9A1E7A4F7556}") = "BasicMvcWithGenericRepository", "BasicMvcWithGenericRepository\BasicMvcWithGenericRepository.csproj", "{64E90230-2610-41FA-AAB3-A018C8088D14}"
EndProject
Project("{FAE04EC0-301F-11D3-BF4B-00C04F79EFBC}") = "Tests", "Tests\Tests.csproj", "{1A6642A9-77A9-480C-8AA4-7E99E946AB79}"
EndProject
Global
	GlobalSection(SolutionConfigurationPlatforms) = preSolution
		Debug|Any CPU = Debug|Any CPU
		Release|Any CPU = Release|Any CPU
	EndGlobalSection
	GlobalSection(ProjectConfigurationPlatforms) = postSolution
		{64E90230-2610-41FA-AAB3-A018C8088D14}.Debug|Any CPU.ActiveCfg = Debug|Any CPU
		{64E90230-2610-41FA-AAB3-A018C8088D14}.Debug|Any CPU.Build.0 = Debug|Any CPU
		{64E90230-2610-41FA-AAB3-A018C8088D14}.Release|Any CPU.ActiveCfg = Release|Any CPU
		{64E90230-2610-41FA-AAB3-A018C8088D14}.Release|Any CPU.Build.0 = Release|Any CPU
		{1A6642A9-77A9-480C-8AA4-7E99E946AB79}.Debug|Any CPU.ActiveCfg = Debug|Any CPU
		{1A6642A9-77A9-480C-8AA4-7E99E946AB79}.Debug|Any CPU.Build.0 = Debug|Any CPU
		{1A6642A9-77A9-480C-8AA4-7E99E946AB79}.Release|Any CPU.ActiveCfg = Release|Any CPU
		{1A6642A9-77A9-480C-8AA4-7E99E946AB79}.Release|Any CPU.Build.0 = Release|Any CPU
	EndGlobalSection
	GlobalSection(SolutionProperties) = preSolution
		HideSolutionNode = FALSE
	EndGlobalSection
	GlobalSection(ExtensibilityGlobals) = postSolution
		SolutionGuid = {74BCA7E3-E2D8-4194-88E5-348E4B2E939F}
	EndGlobalSection
EndGlobal
